
Microsoft Visual Studio Solution File, Format Version 12.00
# Visual Studio Version 17
VisualStudioVersion = 17.5.33627.172
MinimumVisualStudioVersion = 10.0.40219.1
Project("{FAE04EC0-301F-11D3-BF4B-00C04F79EFBC}") = "Lazy", "Lazy.csproj", "{B194749A-ED7E-4E66-A6D4-FDE33A8453F1}"
EndProject
Project("{FAE04EC0-301F-11D3-BF4B-00C04F79EFBC}") = "Program", "..\Program\Program.csproj", "{0A5A1600-4C6A-4B45-96A8-3F9D36B983F8}"
EndProject
Project("{FAE04EC0-301F-11D3-BF4B-00C04F79EFBC}") = "Lazy.Test", "..\LazyOneThreadTest\Lazy.Test.csproj", "{66358EC3-A944-46A8-B306-A56A440A1D6C}"
EndProject
Global
	GlobalSection(SolutionConfigurationPlatforms) = preSolution
		Debug|Any CPU = Debug|Any CPU
		Release|Any CPU = Release|Any CPU
	EndGlobalSection
	GlobalSection(ProjectConfigurationPlatforms) = postSolution
		{B194749A-ED7E-4E66-A6D4-FDE33A8453F1}.Debug|Any CPU.ActiveCfg = Debug|Any CPU
		{B194749A-ED7E-4E66-A6D4-FDE33A8453F1}.Debug|Any CPU.Build.0 = Debug|Any CPU
		{B194749A-ED7E-4E66-A6D4-FDE33A8453F1}.Release|Any CPU.ActiveCfg = Release|Any CPU
		{B194749A-ED7E-4E66-A6D4-FDE33A8453F1}.Release|Any CPU.Build.0 = Release|Any CPU
		{0A5A1600-4C6A-4B45-96A8-3F9D36B983F8}.Debug|Any CPU.ActiveCfg = Debug|Any CPU
		{0A5A1600-4C6A-4B45-96A8-3F9D36B983F8}.Debug|Any CPU.Build.0 = Debug|Any CPU
		{0A5A1600-4C6A-4B45-96A8-3F9D36B983F8}.Release|Any CPU.ActiveCfg = Release|Any CPU
		{0A5A1600-4C6A-4B45-96A8-3F9D36B983F8}.Release|Any CPU.Build.0 = Release|Any CPU
		{66358EC3-A944-46A8-B306-A56A440A1D6C}.Debug|Any CPU.ActiveCfg = Debug|Any CPU
		{66358EC3-A944-46A8-B306-A56A440A1D6C}.Debug|Any CPU.Build.0 = Debug|Any CPU
		{66358EC3-A944-46A8-B306-A56A440A1D6C}.Release|Any CPU.ActiveCfg = Release|Any CPU
		{66358EC3-A944-46A8-B306-A56A440A1D6C}.Release|Any CPU.Build.0 = Release|Any CPU
	EndGlobalSection
	GlobalSection(SolutionProperties) = preSolution
		HideSolutionNode = FALSE
	EndGlobalSection
	GlobalSection(ExtensibilityGlobals) = postSolution
		SolutionGuid = {994CA1D1-E289-4642-8D4D-631CC1AA99A9}
	EndGlobalSection
EndGlobal
