
Microsoft Visual Studio Solution File, Format Version 12.00
# Visual Studio Version 17
VisualStudioVersion = 17.5.33627.172
MinimumVisualStudioVersion = 10.0.40219.1
Project("{9A19103F-16F7-4668-BE54-9A1E7A4F7556}") = "MyThreadPool", "MyThreadPool.csproj", "{231F532A-9DDD-45EF-83BA-B17523CFDEC2}"
EndProject
Project("{9A19103F-16F7-4668-BE54-9A1E7A4F7556}") = "Program", "..\Program\Program.csproj", "{8D58D21E-0AFF-4109-9B6E-AADE79643C0E}"
EndProject
Project("{FAE04EC0-301F-11D3-BF4B-00C04F79EFBC}") = "MyThreadPoolTests", "..\MyThreadPoolTests\MyThreadPoolTests.csproj", "{026A0179-B785-4B64-832D-39FE19590203}"
EndProject
Global
	GlobalSection(SolutionConfigurationPlatforms) = preSolution
		Debug|Any CPU = Debug|Any CPU
		Release|Any CPU = Release|Any CPU
	EndGlobalSection
	GlobalSection(ProjectConfigurationPlatforms) = postSolution
		{231F532A-9DDD-45EF-83BA-B17523CFDEC2}.Debug|Any CPU.ActiveCfg = Debug|Any CPU
		{231F532A-9DDD-45EF-83BA-B17523CFDEC2}.Debug|Any CPU.Build.0 = Debug|Any CPU
		{231F532A-9DDD-45EF-83BA-B17523CFDEC2}.Release|Any CPU.ActiveCfg = Release|Any CPU
		{231F532A-9DDD-45EF-83BA-B17523CFDEC2}.Release|Any CPU.Build.0 = Release|Any CPU
		{8D58D21E-0AFF-4109-9B6E-AADE79643C0E}.Debug|Any CPU.ActiveCfg = Debug|Any CPU
		{8D58D21E-0AFF-4109-9B6E-AADE79643C0E}.Debug|Any CPU.Build.0 = Debug|Any CPU
		{8D58D21E-0AFF-4109-9B6E-AADE79643C0E}.Release|Any CPU.ActiveCfg = Release|Any CPU
		{8D58D21E-0AFF-4109-9B6E-AADE79643C0E}.Release|Any CPU.Build.0 = Release|Any CPU
		{026A0179-B785-4B64-832D-39FE19590203}.Debug|Any CPU.ActiveCfg = Debug|Any CPU
		{026A0179-B785-4B64-832D-39FE19590203}.Debug|Any CPU.Build.0 = Debug|Any CPU
		{026A0179-B785-4B64-832D-39FE19590203}.Release|Any CPU.ActiveCfg = Release|Any CPU
		{026A0179-B785-4B64-832D-39FE19590203}.Release|Any CPU.Build.0 = Release|Any CPU
	EndGlobalSection
	GlobalSection(SolutionProperties) = preSolution
		HideSolutionNode = FALSE
	EndGlobalSection
	GlobalSection(ExtensibilityGlobals) = postSolution
		SolutionGuid = {AD2DB6FC-F41F-4D58-B602-DCB5CE0CC0B2}
	EndGlobalSection
EndGlobal
